{
  "name": "gulp-json-to-css-variables",
  "version": "1.0.2",
  "lockfileVersion": 1,
  "requires": true,
  "dependencies": {
    "json-to-css-variables": {
      "version": "1.0.0",
      "resolved": "https://registry.npmjs.org/json-to-css-variables/-/json-to-css-variables-1.0.0.tgz",
      "integrity": "sha512-INFR1oYdCsxdbpNgWzkDX6X5ciIGHLGF2cWVOhouRVMYbfkE8rJ9tPwsZfx4AhpBJut96MrsR+q3Fi+nwHgOHA=="
    }
  }
}
